
Microsoft Visual Studio Solution File, Format Version 12.00
# Visual Studio 14
VisualStudioVersion = 14.0.25123.0
MinimumVisualStudioVersion = 10.0.40219.1
Project("{FAE04EC0-301F-11D3-BF4B-00C04F79EFBC}") = "Teste.UI.Forms", "Teste.UI.Forms\Teste.UI.Forms.csproj", "{50DE365C-BA93-4DD1-97CF-BC0D670C9EB6}"
EndProject
Project("{FAE04EC0-301F-11D3-BF4B-00C04F79EFBC}") = "Teste.Common", "Teste.Common\Teste.Common.csproj", "{B31ED059-A8BF-41CE-A72E-F7D7DBEC8EE8}"
EndProject
Project("{FAE04EC0-301F-11D3-BF4B-00C04F79EFBC}") = "Teste.Entities", "Teste.Entities\Teste.Entities.csproj", "{06E9C5D2-55F5-4A5E-B112-460DC7863EA8}"
EndProject
Project("{FAE04EC0-301F-11D3-BF4B-00C04F79EFBC}") = "Teste.TesteUnitario", "Teste.TesteUnitario\Teste.TesteUnitario.csproj", "{ACAE5FFA-0E5C-4C00-9C72-BC481E67EACC}"
EndProject
Global
	GlobalSection(SolutionConfigurationPlatforms) = preSolution
		Debug|Any CPU = Debug|Any CPU
		Release|Any CPU = Release|Any CPU
	EndGlobalSection
	GlobalSection(ProjectConfigurationPlatforms) = postSolution
		{50DE365C-BA93-4DD1-97CF-BC0D670C9EB6}.Debug|Any CPU.ActiveCfg = Debug|Any CPU
		{50DE365C-BA93-4DD1-97CF-BC0D670C9EB6}.Debug|Any CPU.Build.0 = Debug|Any CPU
		{50DE365C-BA93-4DD1-97CF-BC0D670C9EB6}.Release|Any CPU.ActiveCfg = Release|Any CPU
		{50DE365C-BA93-4DD1-97CF-BC0D670C9EB6}.Release|Any CPU.Build.0 = Release|Any CPU
		{B31ED059-A8BF-41CE-A72E-F7D7DBEC8EE8}.Debug|Any CPU.ActiveCfg = Debug|Any CPU
		{B31ED059-A8BF-41CE-A72E-F7D7DBEC8EE8}.Debug|Any CPU.Build.0 = Debug|Any CPU
		{B31ED059-A8BF-41CE-A72E-F7D7DBEC8EE8}.Release|Any CPU.ActiveCfg = Release|Any CPU
		{B31ED059-A8BF-41CE-A72E-F7D7DBEC8EE8}.Release|Any CPU.Build.0 = Release|Any CPU
		{06E9C5D2-55F5-4A5E-B112-460DC7863EA8}.Debug|Any CPU.ActiveCfg = Debug|Any CPU
		{06E9C5D2-55F5-4A5E-B112-460DC7863EA8}.Debug|Any CPU.Build.0 = Debug|Any CPU
		{06E9C5D2-55F5-4A5E-B112-460DC7863EA8}.Release|Any CPU.ActiveCfg = Release|Any CPU
		{06E9C5D2-55F5-4A5E-B112-460DC7863EA8}.Release|Any CPU.Build.0 = Release|Any CPU
		{ACAE5FFA-0E5C-4C00-9C72-BC481E67EACC}.Debug|Any CPU.ActiveCfg = Debug|Any CPU
		{ACAE5FFA-0E5C-4C00-9C72-BC481E67EACC}.Debug|Any CPU.Build.0 = Debug|Any CPU
		{ACAE5FFA-0E5C-4C00-9C72-BC481E67EACC}.Release|Any CPU.ActiveCfg = Release|Any CPU
		{ACAE5FFA-0E5C-4C00-9C72-BC481E67EACC}.Release|Any CPU.Build.0 = Release|Any CPU
	EndGlobalSection
	GlobalSection(SolutionProperties) = preSolution
		HideSolutionNode = FALSE
	EndGlobalSection
EndGlobal
